// !$*UTF8*$!
{
	archiveVersion = 1;
	classes = {
	};
	objectVersion = 56;
	objects = {

/* Begin PBXBuildFile section */
		3E4D87C729AD741800D3EC7B /* Screen.swift in Sources */ = {isa = PBXBuildFile; fileRef = 3E4D87C629AD741800D3EC7B /* Screen.swift */; };
		3E4D87C929AD744C00D3EC7B /* Camera.swift in Sources */ = {isa = PBXBuildFile; fileRef = 3E4D87C829AD744C00D3EC7B /* Camera.swift */; };
		3E61935B2A2EC12200333918 /* VideoConfiguration.swift in Sources */ = {isa = PBXBuildFile; fileRef = 3E61935A2A2EC12200333918 /* VideoConfiguration.swift */; };
		3E75E34C2AED6EC90016EB52 /* CameraRecorder.swift in Sources */ = {isa = PBXBuildFile; fileRef = 3E75E34B2AED6EC90016EB52 /* CameraRecorder.swift */; };
		3E75E34E2AF17A870016EB52 /* LISCENSE in Resources */ = {isa = PBXBuildFile; fileRef = 3E75E34D2AF17A870016EB52 /* LISCENSE */; };
		3E75E3502AF2005A0016EB52 /* PreferencesView.swift in Sources */ = {isa = PBXBuildFile; fileRef = 3E75E34F2AF2005A0016EB52 /* PreferencesView.swift */; };
		3E87A932299EBDFF00714AFC /* RecorderViewModel.swift in Sources */ = {isa = PBXBuildFile; fileRef = 3E87A931299EBDFF00714AFC /* RecorderViewModel.swift */; };
		3E87A934299EBE0D00714AFC /* Recordable.swift in Sources */ = {isa = PBXBuildFile; fileRef = 3E87A933299EBE0D00714AFC /* Recordable.swift */; };
		3E9894D12A2ED44600C25059 /* Logger.swift in Sources */ = {isa = PBXBuildFile; fileRef = 3E9894D02A2ED44600C25059 /* Logger.swift */; };
		3EE5FE0D296232C700768BF7 /* TimeLapzeApp.swift in Sources */ = {isa = PBXBuildFile; fileRef = 3EE5FE0C296232C700768BF7 /* TimeLapzeApp.swift */; };
		3EE5FE0F296232C700768BF7 /* ContentView.swift in Sources */ = {isa = PBXBuildFile; fileRef = 3EE5FE0E296232C700768BF7 /* ContentView.swift */; };
		3EE5FE11296232C800768BF7 /* Assets.xcassets in Resources */ = {isa = PBXBuildFile; fileRef = 3EE5FE10296232C800768BF7 /* Assets.xcassets */; };
		3EE5FE14296232C800768BF7 /* Preview Assets.xcassets in Resources */ = {isa = PBXBuildFile; fileRef = 3EE5FE13296232C800768BF7 /* Preview Assets.xcassets */; };
		3EE5FE2E296232C800768BF7 /* TimeLapzeUITests.swift in Sources */ = {isa = PBXBuildFile; fileRef = 3EE5FE2D296232C800768BF7 /* TimeLapzeUITests.swift */; };
		3EEFFBB929A9B662002D0040 /* Utils.swift in Sources */ = {isa = PBXBuildFile; fileRef = 3EEFFBB829A9B662002D0040 /* Utils.swift */; };
		3EEFFBBB29A9ECA7002D0040 /* RecorderTests.swift in Sources */ = {isa = PBXBuildFile; fileRef = 3EEFFBBA29A9ECA7002D0040 /* RecorderTests.swift */; };
/* End PBXBuildFile section */

/* Begin PBXContainerItemProxy section */
		3EE5FE20296232C800768BF7 /* PBXContainerItemProxy */ = {
			isa = PBXContainerItemProxy;
			containerPortal = 3EE5FE01296232C700768BF7 /* Project object */;
			proxyType = 1;
			remoteGlobalIDString = 3EE5FE08296232C700768BF7;
			remoteInfo = ScreenTimeLapse;
		};
		3EE5FE2A296232C800768BF7 /* PBXContainerItemProxy */ = {
			isa = PBXContainerItemProxy;
			containerPortal = 3EE5FE01296232C700768BF7 /* Project object */;
			proxyType = 1;
			remoteGlobalIDString = 3EE5FE08296232C700768BF7;
			remoteInfo = ScreenTimeLapse;
		};
/* End PBXContainerItemProxy section */

/* Begin PBXFileReference section */
		3E2EB6A429AD5A4C006F4F2A /* Info.plist */ = {isa = PBXFileReference; lastKnownFileType = text.plist; path = Info.plist; sourceTree = "<group>"; };
		3E4D87C629AD741800D3EC7B /* Screen.swift */ = {isa = PBXFileReference; lastKnownFileType = sourcecode.swift; path = Screen.swift; sourceTree = "<group>"; };
		3E4D87C829AD744C00D3EC7B /* Camera.swift */ = {isa = PBXFileReference; lastKnownFileType = sourcecode.swift; path = Camera.swift; sourceTree = "<group>"; };
		3E571FDF29AF248500AD153D /* README.md */ = {isa = PBXFileReference; lastKnownFileType = net.daringfireball.markdown; path = README.md; sourceTree = "<group>"; };
		3E61935A2A2EC12200333918 /* VideoConfiguration.swift */ = {isa = PBXFileReference; lastKnownFileType = sourcecode.swift; path = VideoConfiguration.swift; sourceTree = "<group>"; };
		3E75E34B2AED6EC90016EB52 /* CameraRecorder.swift */ = {isa = PBXFileReference; lastKnownFileType = sourcecode.swift; path = CameraRecorder.swift; sourceTree = "<group>"; };
		3E75E34D2AF17A870016EB52 /* LISCENSE */ = {isa = PBXFileReference; explicitFileType = net.daringfireball.markdown; path = LISCENSE; sourceTree = "<group>"; };
		3E75E34F2AF2005A0016EB52 /* PreferencesView.swift */ = {isa = PBXFileReference; lastKnownFileType = sourcecode.swift; path = PreferencesView.swift; sourceTree = "<group>"; };
		3E87A931299EBDFF00714AFC /* RecorderViewModel.swift */ = {isa = PBXFileReference; lastKnownFileType = sourcecode.swift; path = RecorderViewModel.swift; sourceTree = "<group>"; };
		3E87A933299EBE0D00714AFC /* Recordable.swift */ = {isa = PBXFileReference; lastKnownFileType = sourcecode.swift; path = Recordable.swift; sourceTree = "<group>"; };
		3E9894D02A2ED44600C25059 /* Logger.swift */ = {isa = PBXFileReference; lastKnownFileType = sourcecode.swift; path = Logger.swift; sourceTree = "<group>"; };
		3EE5FE09296232C700768BF7 /* TimeLapze.app */ = {isa = PBXFileReference; explicitFileType = wrapper.application; includeInIndex = 0; path = TimeLapze.app; sourceTree = BUILT_PRODUCTS_DIR; };
		3EE5FE0C296232C700768BF7 /* TimeLapzeApp.swift */ = {isa = PBXFileReference; lastKnownFileType = sourcecode.swift; path = TimeLapzeApp.swift; sourceTree = "<group>"; };
		3EE5FE0E296232C700768BF7 /* ContentView.swift */ = {isa = PBXFileReference; lastKnownFileType = sourcecode.swift; path = ContentView.swift; sourceTree = "<group>"; };
		3EE5FE10296232C800768BF7 /* Assets.xcassets */ = {isa = PBXFileReference; lastKnownFileType = folder.assetcatalog; path = Assets.xcassets; sourceTree = "<group>"; };
		3EE5FE13296232C800768BF7 /* Preview Assets.xcassets */ = {isa = PBXFileReference; lastKnownFileType = folder.assetcatalog; path = "Preview Assets.xcassets"; sourceTree = "<group>"; };
		3EE5FE1A296232C800768BF7 /* ScreenTimeLapse.entitlements */ = {isa = PBXFileReference; lastKnownFileType = text.plist.entitlements; path = ScreenTimeLapse.entitlements; sourceTree = "<group>"; };
		3EE5FE1F296232C800768BF7 /* TimeLapzeTests.xctest */ = {isa = PBXFileReference; explicitFileType = wrapper.cfbundle; includeInIndex = 0; path = TimeLapzeTests.xctest; sourceTree = BUILT_PRODUCTS_DIR; };
		3EE5FE29296232C800768BF7 /* TimeLapzeUITests.xctest */ = {isa = PBXFileReference; explicitFileType = wrapper.cfbundle; includeInIndex = 0; path = TimeLapzeUITests.xctest; sourceTree = BUILT_PRODUCTS_DIR; };
		3EE5FE2D296232C800768BF7 /* TimeLapzeUITests.swift */ = {isa = PBXFileReference; lastKnownFileType = sourcecode.swift; path = TimeLapzeUITests.swift; sourceTree = "<group>"; };
		3EEFFBB829A9B662002D0040 /* Utils.swift */ = {isa = PBXFileReference; lastKnownFileType = sourcecode.swift; path = Utils.swift; sourceTree = "<group>"; };
		3EEFFBBA29A9ECA7002D0040 /* RecorderTests.swift */ = {isa = PBXFileReference; lastKnownFileType = sourcecode.swift; path = RecorderTests.swift; sourceTree = "<group>"; };
/* End PBXFileReference section */

/* Begin PBXFrameworksBuildPhase section */
		3EE5FE06296232C700768BF7 /* Frameworks */ = {
			isa = PBXFrameworksBuildPhase;
			buildActionMask = 2147483647;
			files = (
			);
			runOnlyForDeploymentPostprocessing = 0;
		};
		3EE5FE1C296232C800768BF7 /* Frameworks */ = {
			isa = PBXFrameworksBuildPhase;
			buildActionMask = 2147483647;
			files = (
			);
			runOnlyForDeploymentPostprocessing = 0;
		};
		3EE5FE26296232C800768BF7 /* Frameworks */ = {
			isa = PBXFrameworksBuildPhase;
			buildActionMask = 2147483647;
			files = (
			);
			runOnlyForDeploymentPostprocessing = 0;
		};
/* End PBXFrameworksBuildPhase section */

/* Begin PBXGroup section */
		3EA0DF982AF9DD9E001D409B /* LISCENSE */ = {
			isa = PBXGroup;
			children = (
				3E75E34D2AF17A870016EB52 /* LISCENSE */,
			);
			path = LISCENSE;
			sourceTree = "<group>";
		};
		3EE5FE00296232C700768BF7 = {
			isa = PBXGroup;
			children = (
				3EA0DF982AF9DD9E001D409B /* LISCENSE */,
				3E571FDF29AF248500AD153D /* README.md */,
				3EE5FE0B296232C700768BF7 /* TimeLapze */,
				3EE5FE22296232C800768BF7 /* TimeLapzeTests */,
				3EE5FE2C296232C800768BF7 /* TimeLapzeUITests */,
				3EE5FE0A296232C700768BF7 /* Products */,
			);
			sourceTree = "<group>";
		};
		3EE5FE0A296232C700768BF7 /* Products */ = {
			isa = PBXGroup;
			children = (
				3EE5FE09296232C700768BF7 /* TimeLapze.app */,
				3EE5FE1F296232C800768BF7 /* TimeLapzeTests.xctest */,
				3EE5FE29296232C800768BF7 /* TimeLapzeUITests.xctest */,
				3EE5FE09296232C700768BF7 /* TimeLapze.app */,
				3EE5FE1F296232C800768BF7 /* TimeLapzeTests.xctest */,
				3EE5FE29296232C800768BF7 /* TimeLapzeUITests.xctest */,
			);
			name = Products;
			sourceTree = "<group>";
		};
		3EE5FE0B296232C700768BF7 /* TimeLapze */ = {
			isa = PBXGroup;
			children = (
				3E2EB6A429AD5A4C006F4F2A /* Info.plist */,
				3EE5FE0C296232C700768BF7 /* TimeLapzeApp.swift */,
				3EE5FE0E296232C700768BF7 /* ContentView.swift */,
				3EE5FE10296232C800768BF7 /* Assets.xcassets */,
				3EE5FE1A296232C800768BF7 /* ScreenTimeLapse.entitlements */,
				3EE5FE12296232C800768BF7 /* Preview Content */,
				3E87A931299EBDFF00714AFC /* RecorderViewModel.swift */,
				3E87A933299EBE0D00714AFC /* Recordable.swift */,
				3EEFFBB829A9B662002D0040 /* Utils.swift */,
				3E4D87C629AD741800D3EC7B /* Screen.swift */,
				3E4D87C829AD744C00D3EC7B /* Camera.swift */,
				3E61935A2A2EC12200333918 /* VideoConfiguration.swift */,
				3E9894D02A2ED44600C25059 /* Logger.swift */,
				3E75E34B2AED6EC90016EB52 /* CameraRecorder.swift */,
				3E75E34F2AF2005A0016EB52 /* PreferencesView.swift */,
			);
			path = TimeLapze;
			sourceTree = "<group>";
		};
		3EE5FE12296232C800768BF7 /* Preview Content */ = {
			isa = PBXGroup;
			children = (
				3EE5FE13296232C800768BF7 /* Preview Assets.xcassets */,
			);
			path = "Preview Content";
			sourceTree = "<group>";
		};
		3EE5FE22296232C800768BF7 /* TimeLapzeTests */ = {
			isa = PBXGroup;
			children = (
				3EEFFBBA29A9ECA7002D0040 /* RecorderTests.swift */,
			);
			path = TimeLapzeTests;
			sourceTree = "<group>";
		};
		3EE5FE2C296232C800768BF7 /* TimeLapzeUITests */ = {
			isa = PBXGroup;
			children = (
				3EE5FE2D296232C800768BF7 /* TimeLapzeUITests.swift */,
			);
			path = TimeLapzeUITests;
			sourceTree = "<group>";
		};
/* End PBXGroup section */

/* Begin PBXNativeTarget section */
		3EE5FE08296232C700768BF7 /* TimeLapze */ = {
		3EE5FE08296232C700768BF7 /* TimeLapze */ = {
			isa = PBXNativeTarget;
			buildConfigurationList = 3EE5FE33296232C800768BF7 /* Build configuration list for PBXNativeTarget "TimeLapze" */;
			buildConfigurationList = 3EE5FE33296232C800768BF7 /* Build configuration list for PBXNativeTarget "TimeLapze" */;
			buildPhases = (
				3EE5FE05296232C700768BF7 /* Sources */,
				3EE5FE06296232C700768BF7 /* Frameworks */,
				3EE5FE07296232C700768BF7 /* Resources */,
			);
			buildRules = (
			);
			dependencies = (
			);
			name = TimeLapze;
			name = TimeLapze;
			productName = ScreenTimeLapse;
			productReference = 3EE5FE09296232C700768BF7 /* TimeLapze.app */;
			productReference = 3EE5FE09296232C700768BF7 /* TimeLapze.app */;
			productType = "com.apple.product-type.application";
		};
		3EE5FE1E296232C800768BF7 /* TimeLapzeTests */ = {
		3EE5FE1E296232C800768BF7 /* TimeLapzeTests */ = {
			isa = PBXNativeTarget;
			buildConfigurationList = 3EE5FE36296232C800768BF7 /* Build configuration list for PBXNativeTarget "TimeLapzeTests" */;
			buildConfigurationList = 3EE5FE36296232C800768BF7 /* Build configuration list for PBXNativeTarget "TimeLapzeTests" */;
			buildPhases = (
				3EE5FE1B296232C800768BF7 /* Sources */,
				3EE5FE1C296232C800768BF7 /* Frameworks */,
				3EE5FE1D296232C800768BF7 /* Resources */,
			);
			buildRules = (
			);
			dependencies = (
				3EE5FE21296232C800768BF7 /* PBXTargetDependency */,
			);
			name = TimeLapzeTests;
			name = TimeLapzeTests;
			productName = ScreenTimeLapseTests;
			productReference = 3EE5FE1F296232C800768BF7 /* TimeLapzeTests.xctest */;
			productReference = 3EE5FE1F296232C800768BF7 /* TimeLapzeTests.xctest */;
			productType = "com.apple.product-type.bundle.unit-test";
		};
		3EE5FE28296232C800768BF7 /* TimeLapzeUITests */ = {
		3EE5FE28296232C800768BF7 /* TimeLapzeUITests */ = {
			isa = PBXNativeTarget;
			buildConfigurationList = 3EE5FE39296232C800768BF7 /* Build configuration list for PBXNativeTarget "TimeLapzeUITests" */;
			buildConfigurationList = 3EE5FE39296232C800768BF7 /* Build configuration list for PBXNativeTarget "TimeLapzeUITests" */;
			buildPhases = (
				3EE5FE25296232C800768BF7 /* Sources */,
				3EE5FE26296232C800768BF7 /* Frameworks */,
				3EE5FE27296232C800768BF7 /* Resources */,
			);
			buildRules = (
			);
			dependencies = (
				3EE5FE2B296232C800768BF7 /* PBXTargetDependency */,
			);
			name = TimeLapzeUITests;
			name = TimeLapzeUITests;
			productName = ScreenTimeLapseUITests;
			productReference = 3EE5FE29296232C800768BF7 /* TimeLapzeUITests.xctest */;
			productReference = 3EE5FE29296232C800768BF7 /* TimeLapzeUITests.xctest */;
			productType = "com.apple.product-type.bundle.ui-testing";
		};
/* End PBXNativeTarget section */

/* Begin PBXProject section */
		3EE5FE01296232C700768BF7 /* Project object */ = {
			isa = PBXProject;
			attributes = {
				BuildIndependentTargetsInParallel = 1;
				LastSwiftUpdateCheck = 1420;
				LastUpgradeCheck = 1500;
				TargetAttributes = {
					3EE5FE08296232C700768BF7 = {
						CreatedOnToolsVersion = 14.2;
					};
					3EE5FE1E296232C800768BF7 = {
						CreatedOnToolsVersion = 14.2;
						TestTargetID = 3EE5FE08296232C700768BF7;
					};
					3EE5FE28296232C800768BF7 = {
						CreatedOnToolsVersion = 14.2;
						TestTargetID = 3EE5FE08296232C700768BF7;
					};
				};
			};
			buildConfigurationList = 3EE5FE04296232C700768BF7 /* Build configuration list for PBXProject "TimeLapze" */;
			buildConfigurationList = 3EE5FE04296232C700768BF7 /* Build configuration list for PBXProject "TimeLapze" */;
			compatibilityVersion = "Xcode 14.0";
			developmentRegion = en;
			hasScannedForEncodings = 0;
			knownRegions = (
				en,
				Base,
			);
			mainGroup = 3EE5FE00296232C700768BF7;
			productRefGroup = 3EE5FE0A296232C700768BF7 /* Products */;
			projectDirPath = "";
			projectRoot = "";
			targets = (
				3EE5FE08296232C700768BF7 /* TimeLapze */,
				3EE5FE1E296232C800768BF7 /* TimeLapzeTests */,
				3EE5FE28296232C800768BF7 /* TimeLapzeUITests */,
				3EE5FE08296232C700768BF7 /* TimeLapze */,
				3EE5FE1E296232C800768BF7 /* TimeLapzeTests */,
				3EE5FE28296232C800768BF7 /* TimeLapzeUITests */,
			);
		};
/* End PBXProject section */

/* Begin PBXResourcesBuildPhase section */
		3EE5FE07296232C700768BF7 /* Resources */ = {
			isa = PBXResourcesBuildPhase;
			buildActionMask = 2147483647;
			files = (
				3EE5FE14296232C800768BF7 /* Preview Assets.xcassets in Resources */,
				3E75E34E2AF17A870016EB52 /* LISCENSE in Resources */,
				3EE5FE11296232C800768BF7 /* Assets.xcassets in Resources */,
			);
			runOnlyForDeploymentPostprocessing = 0;
		};
		3EE5FE1D296232C800768BF7 /* Resources */ = {
			isa = PBXResourcesBuildPhase;
			buildActionMask = 2147483647;
			files = (
			);
			runOnlyForDeploymentPostprocessing = 0;
		};
		3EE5FE27296232C800768BF7 /* Resources */ = {
			isa = PBXResourcesBuildPhase;
			buildActionMask = 2147483647;
			files = (
			);
			runOnlyForDeploymentPostprocessing = 0;
		};
/* End PBXResourcesBuildPhase section */

/* Begin PBXSourcesBuildPhase section */
		3EE5FE05296232C700768BF7 /* Sources */ = {
			isa = PBXSourcesBuildPhase;
			buildActionMask = 2147483647;
			files = (
				3E61935B2A2EC12200333918 /* VideoConfiguration.swift in Sources */,
				3E75E3502AF2005A0016EB52 /* PreferencesView.swift in Sources */,
				3E87A932299EBDFF00714AFC /* RecorderViewModel.swift in Sources */,
				3E75E34C2AED6EC90016EB52 /* CameraRecorder.swift in Sources */,
				3EEFFBB929A9B662002D0040 /* Utils.swift in Sources */,
				3E87A934299EBE0D00714AFC /* Recordable.swift in Sources */,
				3E9894D12A2ED44600C25059 /* Logger.swift in Sources */,
				3EE5FE0F296232C700768BF7 /* ContentView.swift in Sources */,
				3EE5FE0D296232C700768BF7 /* TimeLapzeApp.swift in Sources */,
				3E4D87C729AD741800D3EC7B /* Screen.swift in Sources */,
				3E4D87C929AD744C00D3EC7B /* Camera.swift in Sources */,
			);
			runOnlyForDeploymentPostprocessing = 0;
		};
		3EE5FE1B296232C800768BF7 /* Sources */ = {
			isa = PBXSourcesBuildPhase;
			buildActionMask = 2147483647;
			files = (
				3EEFFBBB29A9ECA7002D0040 /* RecorderTests.swift in Sources */,
			);
			runOnlyForDeploymentPostprocessing = 0;
		};
		3EE5FE25296232C800768BF7 /* Sources */ = {
			isa = PBXSourcesBuildPhase;
			buildActionMask = 2147483647;
			files = (
				3EE5FE2E296232C800768BF7 /* TimeLapzeUITests.swift in Sources */,
			);
			runOnlyForDeploymentPostprocessing = 0;
		};
/* End PBXSourcesBuildPhase section */

/* Begin PBXTargetDependency section */
		3EE5FE21296232C800768BF7 /* PBXTargetDependency */ = {
			isa = PBXTargetDependency;
			target = 3EE5FE08296232C700768BF7 /* TimeLapze */;
			target = 3EE5FE08296232C700768BF7 /* TimeLapze */;
			targetProxy = 3EE5FE20296232C800768BF7 /* PBXContainerItemProxy */;
		};
		3EE5FE2B296232C800768BF7 /* PBXTargetDependency */ = {
			isa = PBXTargetDependency;
			target = 3EE5FE08296232C700768BF7 /* TimeLapze */;
			target = 3EE5FE08296232C700768BF7 /* TimeLapze */;
			targetProxy = 3EE5FE2A296232C800768BF7 /* PBXContainerItemProxy */;
		};
/* End PBXTargetDependency section */

/* Begin XCBuildConfiguration section */
		3EE5FE31296232C800768BF7 /* Debug */ = {
			isa = XCBuildConfiguration;
			buildSettings = {
				ABOUT = "https://apple.com";
				ALWAYS_SEARCH_USER_PATHS = NO;
				CLANG_ANALYZER_NONNULL = YES;
				CLANG_ANALYZER_NUMBER_OBJECT_CONVERSION = YES_AGGRESSIVE;
				CLANG_CXX_LANGUAGE_STANDARD = "gnu++20";
				CLANG_ENABLE_MODULES = YES;
				CLANG_ENABLE_OBJC_ARC = YES;
				CLANG_ENABLE_OBJC_WEAK = YES;
				CLANG_WARN_BLOCK_CAPTURE_AUTORELEASING = YES;
				CLANG_WARN_BOOL_CONVERSION = YES;
				CLANG_WARN_COMMA = YES;
				CLANG_WARN_CONSTANT_CONVERSION = YES;
				CLANG_WARN_DEPRECATED_OBJC_IMPLEMENTATIONS = YES;
				CLANG_WARN_DIRECT_OBJC_ISA_USAGE = YES_ERROR;
				CLANG_WARN_DOCUMENTATION_COMMENTS = YES;
				CLANG_WARN_EMPTY_BODY = YES;
				CLANG_WARN_ENUM_CONVERSION = YES;
				CLANG_WARN_INFINITE_RECURSION = YES;
				CLANG_WARN_INT_CONVERSION = YES;
				CLANG_WARN_NON_LITERAL_NULL_CONVERSION = YES;
				CLANG_WARN_OBJC_IMPLICIT_RETAIN_SELF = YES;
				CLANG_WARN_OBJC_LITERAL_CONVERSION = YES;
				CLANG_WARN_OBJC_ROOT_CLASS = YES_ERROR;
				CLANG_WARN_QUOTED_INCLUDE_IN_FRAMEWORK_HEADER = YES;
				CLANG_WARN_RANGE_LOOP_ANALYSIS = YES;
				CLANG_WARN_STRICT_PROTOTYPES = YES;
				CLANG_WARN_SUSPICIOUS_MOVE = YES;
				CLANG_WARN_UNGUARDED_AVAILABILITY = YES_AGGRESSIVE;
				CLANG_WARN_UNREACHABLE_CODE = YES;
				CLANG_WARN__DUPLICATE_METHOD_MATCH = YES;
				COPY_PHASE_STRIP = NO;
				DEAD_CODE_STRIPPING = YES;
				DEBUG_INFORMATION_FORMAT = dwarf;
				ENABLE_STRICT_OBJC_MSGSEND = YES;
				ENABLE_TESTABILITY = YES;
				ENABLE_USER_SCRIPT_SANDBOXING = YES;
				GCC_C_LANGUAGE_STANDARD = gnu11;
				GCC_DYNAMIC_NO_PIC = NO;
				GCC_NO_COMMON_BLOCKS = YES;
				GCC_OPTIMIZATION_LEVEL = 0;
				GCC_PREPROCESSOR_DEFINITIONS = (
					"DEBUG=1",
					"$(inherited)",
				);
				GCC_WARN_64_TO_32_BIT_CONVERSION = YES;
				GCC_WARN_ABOUT_RETURN_TYPE = YES_ERROR;
				GCC_WARN_UNDECLARED_SELECTOR = YES;
				GCC_WARN_UNINITIALIZED_AUTOS = YES_AGGRESSIVE;
				GCC_WARN_UNUSED_FUNCTION = YES;
				GCC_WARN_UNUSED_VARIABLE = YES;
				HELP = "https://apple.com";
				MACOSX_DEPLOYMENT_TARGET = 14.0;
				MTL_ENABLE_DEBUG_INFO = INCLUDE_SOURCE;
				MTL_FAST_MATH = YES;
				ONLY_ACTIVE_ARCH = YES;
				SDKROOT = macosx;
				SWIFT_ACTIVE_COMPILATION_CONDITIONS = DEBUG;
				SWIFT_OPTIMIZATION_LEVEL = "-Onone";
				TESTING = "";
			};
			name = Debug;
		};
		3EE5FE32296232C800768BF7 /* Release */ = {
			isa = XCBuildConfiguration;
			buildSettings = {
				ABOUT = "https://apple.com";
				ALWAYS_SEARCH_USER_PATHS = NO;
				CLANG_ANALYZER_NONNULL = YES;
				CLANG_ANALYZER_NUMBER_OBJECT_CONVERSION = YES_AGGRESSIVE;
				CLANG_CXX_LANGUAGE_STANDARD = "gnu++20";
				CLANG_ENABLE_MODULES = YES;
				CLANG_ENABLE_OBJC_ARC = YES;
				CLANG_ENABLE_OBJC_WEAK = YES;
				CLANG_WARN_BLOCK_CAPTURE_AUTORELEASING = YES;
				CLANG_WARN_BOOL_CONVERSION = YES;
				CLANG_WARN_COMMA = YES;
				CLANG_WARN_CONSTANT_CONVERSION = YES;
				CLANG_WARN_DEPRECATED_OBJC_IMPLEMENTATIONS = YES;
				CLANG_WARN_DIRECT_OBJC_ISA_USAGE = YES_ERROR;
				CLANG_WARN_DOCUMENTATION_COMMENTS = YES;
				CLANG_WARN_EMPTY_BODY = YES;
				CLANG_WARN_ENUM_CONVERSION = YES;
				CLANG_WARN_INFINITE_RECURSION = YES;
				CLANG_WARN_INT_CONVERSION = YES;
				CLANG_WARN_NON_LITERAL_NULL_CONVERSION = YES;
				CLANG_WARN_OBJC_IMPLICIT_RETAIN_SELF = YES;
				CLANG_WARN_OBJC_LITERAL_CONVERSION = YES;
				CLANG_WARN_OBJC_ROOT_CLASS = YES_ERROR;
				CLANG_WARN_QUOTED_INCLUDE_IN_FRAMEWORK_HEADER = YES;
				CLANG_WARN_RANGE_LOOP_ANALYSIS = YES;
				CLANG_WARN_STRICT_PROTOTYPES = YES;
				CLANG_WARN_SUSPICIOUS_MOVE = YES;
				CLANG_WARN_UNGUARDED_AVAILABILITY = YES_AGGRESSIVE;
				CLANG_WARN_UNREACHABLE_CODE = YES;
				CLANG_WARN__DUPLICATE_METHOD_MATCH = YES;
				COPY_PHASE_STRIP = NO;
				DEAD_CODE_STRIPPING = YES;
				DEBUG_INFORMATION_FORMAT = "dwarf-with-dsym";
				ENABLE_NS_ASSERTIONS = NO;
				ENABLE_STRICT_OBJC_MSGSEND = YES;
				ENABLE_USER_SCRIPT_SANDBOXING = YES;
				GCC_C_LANGUAGE_STANDARD = gnu11;
				GCC_NO_COMMON_BLOCKS = YES;
				GCC_WARN_64_TO_32_BIT_CONVERSION = YES;
				GCC_WARN_ABOUT_RETURN_TYPE = YES_ERROR;
				GCC_WARN_UNDECLARED_SELECTOR = YES;
				GCC_WARN_UNINITIALIZED_AUTOS = YES_AGGRESSIVE;
				GCC_WARN_UNUSED_FUNCTION = YES;
				GCC_WARN_UNUSED_VARIABLE = YES;
				HELP = "https://apple.com";
				MACOSX_DEPLOYMENT_TARGET = 14.0;
				MTL_ENABLE_DEBUG_INFO = NO;
				MTL_FAST_MATH = YES;
				SDKROOT = macosx;
				SWIFT_COMPILATION_MODE = wholemodule;
				SWIFT_OPTIMIZATION_LEVEL = "-O";
				TESTING = "";
			};
			name = Release;
		};
		3EE5FE34296232C800768BF7 /* Debug */ = {
			isa = XCBuildConfiguration;
			buildSettings = {
				ASSETCATALOG_COMPILER_APPICON_NAME = AppIcon;
				ASSETCATALOG_COMPILER_GLOBAL_ACCENT_COLOR_NAME = AccentColor;
				ASSETCATALOG_COMPILER_INCLUDE_ALL_APPICON_ASSETS = YES;
				CODE_SIGN_ENTITLEMENTS = ScreenTimeLapse/ScreenTimeLapse.entitlements;
				CODE_SIGN_IDENTITY = "Apple Development";
				"CODE_SIGN_IDENTITY[sdk=macosx*]" = "Apple Development";
				CODE_SIGN_STYLE = Automatic;
				COMBINE_HIDPI_IMAGES = YES;
				CURRENT_PROJECT_VERSION = 1;
				DEAD_CODE_STRIPPING = YES;
				DEVELOPMENT_ASSET_PATHS = "\"ScreenTimeLapse/Preview Content\"";
				DEVELOPMENT_TEAM = PPA4LZZXUN;
				ENABLE_HARDENED_RUNTIME = YES;
				ENABLE_PREVIEWS = YES;
				GENERATE_INFOPLIST_FILE = YES;
				INFOPLIST_FILE = ScreenTimeLapse/Info.plist;
				INFOPLIST_KEY_CFBundleDisplayName = TimeLapze;
				INFOPLIST_KEY_LSApplicationCategoryType = "public.app-category.developer-tools";
				INFOPLIST_KEY_LSUIElement = NO;
				INFOPLIST_KEY_NSCameraUsageDescription = "Recording a timelapse of selected camera";
				INFOPLIST_KEY_NSDesktopFolderUsageDescription = "Save recordings to Desktop";
				INFOPLIST_KEY_NSDocumentsFolderUsageDescription = "Save recordings to Documents";
				INFOPLIST_KEY_NSDownloadsFolderUsageDescription = "Save recordings to Downloads";
				INFOPLIST_KEY_NSHumanReadableCopyright = "";
				LD_RUNPATH_SEARCH_PATHS = (
					"$(inherited)",
					"@executable_path/../Frameworks",
				);
				MACOSX_DEPLOYMENT_TARGET = 13.0;
				MARKETING_VERSION = 1.0;
				PRODUCT_BUNDLE_IDENTIFIER = com.smartservices.TimeLapze;
				PRODUCT_NAME = "$(TARGET_NAME)";
				PROVISIONING_PROFILE_SPECIFIER = "";
				SWIFT_EMIT_LOC_STRINGS = YES;
				SWIFT_VERSION = 5.0;
			};
			name = Debug;
		};
		3EE5FE35296232C800768BF7 /* Release */ = {
			isa = XCBuildConfiguration;
			buildSettings = {
				ASSETCATALOG_COMPILER_APPICON_NAME = AppIcon;
				ASSETCATALOG_COMPILER_GLOBAL_ACCENT_COLOR_NAME = AccentColor;
				ASSETCATALOG_COMPILER_INCLUDE_ALL_APPICON_ASSETS = YES;
				CODE_SIGN_ENTITLEMENTS = ScreenTimeLapse/ScreenTimeLapse.entitlements;
				CODE_SIGN_IDENTITY = "Apple Development";
				"CODE_SIGN_IDENTITY[sdk=macosx*]" = "Apple Development";
				CODE_SIGN_STYLE = Automatic;
				COMBINE_HIDPI_IMAGES = YES;
				CURRENT_PROJECT_VERSION = 1;
				DEAD_CODE_STRIPPING = YES;
				DEVELOPMENT_ASSET_PATHS = "\"ScreenTimeLapse/Preview Content\"";
				DEVELOPMENT_TEAM = PPA4LZZXUN;
				ENABLE_HARDENED_RUNTIME = YES;
				ENABLE_PREVIEWS = YES;
				GENERATE_INFOPLIST_FILE = YES;
				INFOPLIST_FILE = ScreenTimeLapse/Info.plist;
				INFOPLIST_KEY_CFBundleDisplayName = TimeLapze;
				INFOPLIST_KEY_LSApplicationCategoryType = "public.app-category.developer-tools";
				INFOPLIST_KEY_LSUIElement = NO;
				INFOPLIST_KEY_NSCameraUsageDescription = "Recording a timelapse of selected camera";
				INFOPLIST_KEY_NSDesktopFolderUsageDescription = "Save recordings to Desktop";
				INFOPLIST_KEY_NSDocumentsFolderUsageDescription = "Save recordings to Documents";
				INFOPLIST_KEY_NSDownloadsFolderUsageDescription = "Save recordings to Downloads";
				INFOPLIST_KEY_NSHumanReadableCopyright = "";
				LD_RUNPATH_SEARCH_PATHS = (
					"$(inherited)",
					"@executable_path/../Frameworks",
				);
				MACOSX_DEPLOYMENT_TARGET = 13.0;
				MARKETING_VERSION = 1.0;
				PRODUCT_BUNDLE_IDENTIFIER = com.smartservices.TimeLapze;
				PRODUCT_NAME = "$(TARGET_NAME)";
				PROVISIONING_PROFILE_SPECIFIER = "";
				SWIFT_EMIT_LOC_STRINGS = YES;
				SWIFT_VERSION = 5.0;
			};
			name = Release;
		};
		3EE5FE37296232C800768BF7 /* Debug */ = {
			isa = XCBuildConfiguration;
			buildSettings = {
				ALWAYS_EMBED_SWIFT_STANDARD_LIBRARIES = YES;
				BUNDLE_LOADER = "$(TEST_HOST)";
				CODE_SIGN_STYLE = Automatic;
				CURRENT_PROJECT_VERSION = 1;
				DEAD_CODE_STRIPPING = YES;
				DEVELOPMENT_TEAM = PPA4LZZXUN;
				GENERATE_INFOPLIST_FILE = YES;
				MACOSX_DEPLOYMENT_TARGET = 14.0;
				MARKETING_VERSION = 1.0;
				PRODUCT_BUNDLE_IDENTIFIER = smartservices.ScreenTimeLapseTests;
				PRODUCT_NAME = "$(TARGET_NAME)";
				SWIFT_EMIT_LOC_STRINGS = NO;
				SWIFT_VERSION = 5.0;
				TEST_HOST = "$(BUILT_PRODUCTS_DIR)/TimeLapze.app/$(BUNDLE_EXECUTABLE_FOLDER_PATH)/TimeLapze";
				TEST_HOST = "$(BUILT_PRODUCTS_DIR)/TimeLapze.app/$(BUNDLE_EXECUTABLE_FOLDER_PATH)/TimeLapze";
			};
			name = Debug;
		};
		3EE5FE38296232C800768BF7 /* Release */ = {
			isa = XCBuildConfiguration;
			buildSettings = {
				ALWAYS_EMBED_SWIFT_STANDARD_LIBRARIES = YES;
				BUNDLE_LOADER = "$(TEST_HOST)";
				CODE_SIGN_STYLE = Automatic;
				CURRENT_PROJECT_VERSION = 1;
				DEAD_CODE_STRIPPING = YES;
				DEVELOPMENT_TEAM = PPA4LZZXUN;
				GENERATE_INFOPLIST_FILE = YES;
				MACOSX_DEPLOYMENT_TARGET = 14.0;
				MARKETING_VERSION = 1.0;
				PRODUCT_BUNDLE_IDENTIFIER = smartservices.ScreenTimeLapseTests;
				PRODUCT_NAME = "$(TARGET_NAME)";
				SWIFT_EMIT_LOC_STRINGS = NO;
				SWIFT_VERSION = 5.0;
				TEST_HOST = "$(BUILT_PRODUCTS_DIR)/TimeLapze.app/$(BUNDLE_EXECUTABLE_FOLDER_PATH)/TimeLapze";
				TEST_HOST = "$(BUILT_PRODUCTS_DIR)/TimeLapze.app/$(BUNDLE_EXECUTABLE_FOLDER_PATH)/TimeLapze";
			};
			name = Release;
		};
		3EE5FE3A296232C800768BF7 /* Debug */ = {
			isa = XCBuildConfiguration;
			buildSettings = {
				ALWAYS_EMBED_SWIFT_STANDARD_LIBRARIES = YES;
				CODE_SIGN_STYLE = Automatic;
				CURRENT_PROJECT_VERSION = 1;
				DEAD_CODE_STRIPPING = YES;
				DEVELOPMENT_TEAM = PPA4LZZXUN;
				GENERATE_INFOPLIST_FILE = YES;
				MARKETING_VERSION = 1.0;
				PRODUCT_BUNDLE_IDENTIFIER = smartservices.ScreenTimeLapseUITests;
				PRODUCT_NAME = "$(TARGET_NAME)";
				"SWIFT_ACTIVE_COMPILATION_CONDITIONS[arch=*]" = TESTING;
				SWIFT_EMIT_LOC_STRINGS = NO;
				SWIFT_VERSION = 5.0;
				TESTING = TRUE;
				TEST_TARGET_NAME = ScreenTimeLapse;
			};
			name = Debug;
		};
		3EE5FE3B296232C800768BF7 /* Release */ = {
			isa = XCBuildConfiguration;
			buildSettings = {
				ALWAYS_EMBED_SWIFT_STANDARD_LIBRARIES = YES;
				CODE_SIGN_STYLE = Automatic;
				CURRENT_PROJECT_VERSION = 1;
				DEAD_CODE_STRIPPING = YES;
				DEVELOPMENT_TEAM = PPA4LZZXUN;
				GENERATE_INFOPLIST_FILE = YES;
				MARKETING_VERSION = 1.0;
				PRODUCT_BUNDLE_IDENTIFIER = smartservices.ScreenTimeLapseUITests;
				PRODUCT_NAME = "$(TARGET_NAME)";
				SWIFT_EMIT_LOC_STRINGS = NO;
				SWIFT_VERSION = 5.0;
				TESTING = TRUE;
				TEST_TARGET_NAME = ScreenTimeLapse;
			};
			name = Release;
		};
/* End XCBuildConfiguration section */

/* Begin XCConfigurationList section */
		3EE5FE04296232C700768BF7 /* Build configuration list for PBXProject "TimeLapze" */ = {
		3EE5FE04296232C700768BF7 /* Build configuration list for PBXProject "TimeLapze" */ = {
			isa = XCConfigurationList;
			buildConfigurations = (
				3EE5FE31296232C800768BF7 /* Debug */,
				3EE5FE32296232C800768BF7 /* Release */,
			);
			defaultConfigurationIsVisible = 0;
			defaultConfigurationName = Release;
		};
		3EE5FE33296232C800768BF7 /* Build configuration list for PBXNativeTarget "TimeLapze" */ = {
		3EE5FE33296232C800768BF7 /* Build configuration list for PBXNativeTarget "TimeLapze" */ = {
			isa = XCConfigurationList;
			buildConfigurations = (
				3EE5FE34296232C800768BF7 /* Debug */,
				3EE5FE35296232C800768BF7 /* Release */,
			);
			defaultConfigurationIsVisible = 0;
			defaultConfigurationName = Release;
		};
		3EE5FE36296232C800768BF7 /* Build configuration list for PBXNativeTarget "TimeLapzeTests" */ = {
		3EE5FE36296232C800768BF7 /* Build configuration list for PBXNativeTarget "TimeLapzeTests" */ = {
			isa = XCConfigurationList;
			buildConfigurations = (
				3EE5FE37296232C800768BF7 /* Debug */,
				3EE5FE38296232C800768BF7 /* Release */,
			);
			defaultConfigurationIsVisible = 0;
			defaultConfigurationName = Release;
		};
		3EE5FE39296232C800768BF7 /* Build configuration list for PBXNativeTarget "TimeLapzeUITests" */ = {
		3EE5FE39296232C800768BF7 /* Build configuration list for PBXNativeTarget "TimeLapzeUITests" */ = {
			isa = XCConfigurationList;
			buildConfigurations = (
				3EE5FE3A296232C800768BF7 /* Debug */,
				3EE5FE3B296232C800768BF7 /* Release */,
			);
			defaultConfigurationIsVisible = 0;
			defaultConfigurationName = Release;
		};
/* End XCConfigurationList section */
	};
	rootObject = 3EE5FE01296232C700768BF7 /* Project object */;
}
