// !$*UTF8*$!
{
	archiveVersion = 1;
	classes = {
	};
	objectVersion = 56;
	objects = {

/* Begin PBXBuildFile section */
		3E0DCD742BAB2A5800DB969A /* ReviewManager.swift in Sources */ = {isa = PBXBuildFile; fileRef = 3E0DCD732BAB2A5800DB969A /* ReviewManager.swift */; };
		3E23A01E2B2FC65A0016DE8C /* TimeLapzeTests.swift in Sources */ = {isa = PBXBuildFile; fileRef = 3E23A01D2B2FC65A0016DE8C /* TimeLapzeTests.swift */; };
		3E4D87C729AD741800D3EC7B /* Screen.swift in Sources */ = {isa = PBXBuildFile; fileRef = 3E4D87C629AD741800D3EC7B /* Screen.swift */; };
		3E4D87C929AD744C00D3EC7B /* Camera.swift in Sources */ = {isa = PBXBuildFile; fileRef = 3E4D87C829AD744C00D3EC7B /* Camera.swift */; };
		3E5130E02BA34FE500A628EB /* OnboardingView.swift in Sources */ = {isa = PBXBuildFile; fileRef = 3E5130DF2BA34FE500A628EB /* OnboardingView.swift */; };
		3E61935B2A2EC12200333918 /* VideoConfiguration.swift in Sources */ = {isa = PBXBuildFile; fileRef = 3E61935A2A2EC12200333918 /* VideoConfiguration.swift */; };
		3E75E34C2AED6EC90016EB52 /* CameraRecorder.swift in Sources */ = {isa = PBXBuildFile; fileRef = 3E75E34B2AED6EC90016EB52 /* CameraRecorder.swift */; };
		3E75E34E2AF17A870016EB52 /* LICENSE in Resources */ = {isa = PBXBuildFile; fileRef = 3E75E34D2AF17A870016EB52 /* LICENSE */; };
		3E75E3502AF2005A0016EB52 /* PreferencesView.swift in Sources */ = {isa = PBXBuildFile; fileRef = 3E75E34F2AF2005A0016EB52 /* PreferencesView.swift */; };
		3E8144662BAFC8F300F3E90F /* PreferencesViewModel.swift in Sources */ = {isa = PBXBuildFile; fileRef = 3E8144652BAFC8F300F3E90F /* PreferencesViewModel.swift */; };
		3E8144682BAFD77C00F3E90F /* Localizable.xcstrings in Resources */ = {isa = PBXBuildFile; fileRef = 3E8144672BAFD77C00F3E90F /* Localizable.xcstrings */; };
		3E87A932299EBDFF00714AFC /* RecorderViewModel.swift in Sources */ = {isa = PBXBuildFile; fileRef = 3E87A931299EBDFF00714AFC /* RecorderViewModel.swift */; };
		3E87A934299EBE0D00714AFC /* Recordable.swift in Sources */ = {isa = PBXBuildFile; fileRef = 3E87A933299EBE0D00714AFC /* Recordable.swift */; };
		3E9894D12A2ED44600C25059 /* Logger.swift in Sources */ = {isa = PBXBuildFile; fileRef = 3E9894D02A2ED44600C25059 /* Logger.swift */; };
		3EA255A62BADF2B70018FF63 /* SettingsAccess in Frameworks */ = {isa = PBXBuildFile; productRef = 3EA255A52BADF2B70018FF63 /* SettingsAccess */; };
		3EAB1AFD2BA8A33300BEC597 /* OnboardingViewModel.swift in Sources */ = {isa = PBXBuildFile; fileRef = 3EAB1AFC2BA8A33300BEC597 /* OnboardingViewModel.swift */; };
		3EE5FE0D296232C700768BF7 /* TimeLapzeApp.swift in Sources */ = {isa = PBXBuildFile; fileRef = 3EE5FE0C296232C700768BF7 /* TimeLapzeApp.swift */; };
		3EE5FE0F296232C700768BF7 /* ContentView.swift in Sources */ = {isa = PBXBuildFile; fileRef = 3EE5FE0E296232C700768BF7 /* ContentView.swift */; };
		3EE5FE11296232C800768BF7 /* Assets.xcassets in Resources */ = {isa = PBXBuildFile; fileRef = 3EE5FE10296232C800768BF7 /* Assets.xcassets */; };
		3EE5FE14296232C800768BF7 /* Preview Assets.xcassets in Resources */ = {isa = PBXBuildFile; fileRef = 3EE5FE13296232C800768BF7 /* Preview Assets.xcassets */; };
		3EEFFBB929A9B662002D0040 /* Utils.swift in Sources */ = {isa = PBXBuildFile; fileRef = 3EEFFBB829A9B662002D0040 /* Utils.swift */; };
/* End PBXBuildFile section */

/* Begin PBXContainerItemProxy section */
		3E23A01F2B2FC65A0016DE8C /* PBXContainerItemProxy */ = {
			isa = PBXContainerItemProxy;
			containerPortal = 3EE5FE01296232C700768BF7 /* Project object */;
			proxyType = 1;
			remoteGlobalIDString = 3EE5FE08296232C700768BF7;
			remoteInfo = TimeLapze;
		};
/* End PBXContainerItemProxy section */

/* Begin PBXFileReference section */
		3E0DCD732BAB2A5800DB969A /* ReviewManager.swift */ = {isa = PBXFileReference; lastKnownFileType = sourcecode.swift; path = ReviewManager.swift; sourceTree = "<group>"; };
		3E23A01B2B2FC65A0016DE8C /* TimeLapzeTests.xctest */ = {isa = PBXFileReference; explicitFileType = wrapper.cfbundle; includeInIndex = 0; path = TimeLapzeTests.xctest; sourceTree = BUILT_PRODUCTS_DIR; };
		3E23A01D2B2FC65A0016DE8C /* TimeLapzeTests.swift */ = {isa = PBXFileReference; lastKnownFileType = sourcecode.swift; path = TimeLapzeTests.swift; sourceTree = "<group>"; };
		3E2EB6A429AD5A4C006F4F2A /* Info.plist */ = {isa = PBXFileReference; lastKnownFileType = text.plist; path = Info.plist; sourceTree = "<group>"; };
		3E4D87C629AD741800D3EC7B /* Screen.swift */ = {isa = PBXFileReference; lastKnownFileType = sourcecode.swift; path = Screen.swift; sourceTree = "<group>"; };
		3E4D87C829AD744C00D3EC7B /* Camera.swift */ = {isa = PBXFileReference; lastKnownFileType = sourcecode.swift; path = Camera.swift; sourceTree = "<group>"; };
		3E5130DF2BA34FE500A628EB /* OnboardingView.swift */ = {isa = PBXFileReference; lastKnownFileType = sourcecode.swift; path = OnboardingView.swift; sourceTree = "<group>"; };
		3E571FDF29AF248500AD153D /* README.md */ = {isa = PBXFileReference; lastKnownFileType = net.daringfireball.markdown; path = README.md; sourceTree = "<group>"; };
		3E61935A2A2EC12200333918 /* VideoConfiguration.swift */ = {isa = PBXFileReference; lastKnownFileType = sourcecode.swift; path = VideoConfiguration.swift; sourceTree = "<group>"; };
		3E75E34B2AED6EC90016EB52 /* CameraRecorder.swift */ = {isa = PBXFileReference; lastKnownFileType = sourcecode.swift; path = CameraRecorder.swift; sourceTree = "<group>"; };
		3E75E34D2AF17A870016EB52 /* LICENSE */ = {isa = PBXFileReference; explicitFileType = net.daringfireball.markdown; path = LICENSE; sourceTree = "<group>"; };
		3E75E34F2AF2005A0016EB52 /* PreferencesView.swift */ = {isa = PBXFileReference; lastKnownFileType = sourcecode.swift; path = PreferencesView.swift; sourceTree = "<group>"; };
		3E8144652BAFC8F300F3E90F /* PreferencesViewModel.swift */ = {isa = PBXFileReference; lastKnownFileType = sourcecode.swift; path = PreferencesViewModel.swift; sourceTree = "<group>"; };
		3E8144672BAFD77C00F3E90F /* Localizable.xcstrings */ = {isa = PBXFileReference; lastKnownFileType = text.json.xcstrings; path = Localizable.xcstrings; sourceTree = "<group>"; };
		3E87A931299EBDFF00714AFC /* RecorderViewModel.swift */ = {isa = PBXFileReference; lastKnownFileType = sourcecode.swift; path = RecorderViewModel.swift; sourceTree = "<group>"; };
		3E87A933299EBE0D00714AFC /* Recordable.swift */ = {isa = PBXFileReference; lastKnownFileType = sourcecode.swift; path = Recordable.swift; sourceTree = "<group>"; };
		3E9894D02A2ED44600C25059 /* Logger.swift */ = {isa = PBXFileReference; lastKnownFileType = sourcecode.swift; path = Logger.swift; sourceTree = "<group>"; };
		3EAB1AFC2BA8A33300BEC597 /* OnboardingViewModel.swift */ = {isa = PBXFileReference; lastKnownFileType = sourcecode.swift; path = OnboardingViewModel.swift; sourceTree = "<group>"; };
		3EE5FE09296232C700768BF7 /* TimeLapze.app */ = {isa = PBXFileReference; explicitFileType = wrapper.application; includeInIndex = 0; path = TimeLapze.app; sourceTree = BUILT_PRODUCTS_DIR; };
		3EE5FE0C296232C700768BF7 /* TimeLapzeApp.swift */ = {isa = PBXFileReference; lastKnownFileType = sourcecode.swift; path = TimeLapzeApp.swift; sourceTree = "<group>"; };
		3EE5FE0E296232C700768BF7 /* ContentView.swift */ = {isa = PBXFileReference; lastKnownFileType = sourcecode.swift; path = ContentView.swift; sourceTree = "<group>"; };
		3EE5FE10296232C800768BF7 /* Assets.xcassets */ = {isa = PBXFileReference; lastKnownFileType = folder.assetcatalog; path = Assets.xcassets; sourceTree = "<group>"; };
		3EE5FE13296232C800768BF7 /* Preview Assets.xcassets */ = {isa = PBXFileReference; lastKnownFileType = folder.assetcatalog; path = "Preview Assets.xcassets"; sourceTree = "<group>"; };
		3EE5FE1A296232C800768BF7 /* TimeLapze.entitlements */ = {isa = PBXFileReference; lastKnownFileType = text.plist.entitlements; path = TimeLapze.entitlements; sourceTree = "<group>"; };
		3EEFFBB829A9B662002D0040 /* Utils.swift */ = {isa = PBXFileReference; lastKnownFileType = sourcecode.swift; path = Utils.swift; sourceTree = "<group>"; };
/* End PBXFileReference section */

/* Begin PBXFrameworksBuildPhase section */
		3E23A0182B2FC65A0016DE8C /* Frameworks */ = {
			isa = PBXFrameworksBuildPhase;
			buildActionMask = 2147483647;
			files = (
			);
			runOnlyForDeploymentPostprocessing = 0;
		};
		3EE5FE06296232C700768BF7 /* Frameworks */ = {
			isa = PBXFrameworksBuildPhase;
			buildActionMask = 2147483647;
			files = (
				3EA255A62BADF2B70018FF63 /* SettingsAccess in Frameworks */,
			);
			runOnlyForDeploymentPostprocessing = 0;
		};
/* End PBXFrameworksBuildPhase section */

/* Begin PBXGroup section */
		3E23A01C2B2FC65A0016DE8C /* TimeLapzeTests */ = {
			isa = PBXGroup;
			children = (
				3E23A01D2B2FC65A0016DE8C /* TimeLapzeTests.swift */,
			);
			path = TimeLapzeTests;
			sourceTree = "<group>";
		};
		3EA0DF982AF9DD9E001D409B /* LICENSE */ = {
			isa = PBXGroup;
			children = (
				3E75E34D2AF17A870016EB52 /* LICENSE */,
			);
			path = LICENSE;
			sourceTree = "<group>";
		};
		3EE5FE00296232C700768BF7 = {
			isa = PBXGroup;
			children = (
				3EA0DF982AF9DD9E001D409B /* LICENSE */,
				3E571FDF29AF248500AD153D /* README.md */,
				3EE5FE0B296232C700768BF7 /* TimeLapze */,
				3E23A01C2B2FC65A0016DE8C /* TimeLapzeTests */,
				3EE5FE0A296232C700768BF7 /* Products */,
			);
			sourceTree = "<group>";
		};
		3EE5FE0A296232C700768BF7 /* Products */ = {
			isa = PBXGroup;
			children = (
				3EE5FE09296232C700768BF7 /* TimeLapze.app */,
				3E23A01B2B2FC65A0016DE8C /* TimeLapzeTests.xctest */,
			);
			name = Products;
			sourceTree = "<group>";
		};
		3EE5FE0B296232C700768BF7 /* TimeLapze */ = {
			isa = PBXGroup;
			children = (
				3E2EB6A429AD5A4C006F4F2A /* Info.plist */,
				3EE5FE0C296232C700768BF7 /* TimeLapzeApp.swift */,
				3EE5FE0E296232C700768BF7 /* ContentView.swift */,
				3EE5FE10296232C800768BF7 /* Assets.xcassets */,
				3EE5FE1A296232C800768BF7 /* TimeLapze.entitlements */,
				3EE5FE12296232C800768BF7 /* Preview Content */,
				3E87A931299EBDFF00714AFC /* RecorderViewModel.swift */,
				3E87A933299EBE0D00714AFC /* Recordable.swift */,
				3EEFFBB829A9B662002D0040 /* Utils.swift */,
				3E4D87C629AD741800D3EC7B /* Screen.swift */,
				3E4D87C829AD744C00D3EC7B /* Camera.swift */,
				3E61935A2A2EC12200333918 /* VideoConfiguration.swift */,
				3E9894D02A2ED44600C25059 /* Logger.swift */,
				3E75E34B2AED6EC90016EB52 /* CameraRecorder.swift */,
				3E75E34F2AF2005A0016EB52 /* PreferencesView.swift */,
				3E5130DF2BA34FE500A628EB /* OnboardingView.swift */,
				3EAB1AFC2BA8A33300BEC597 /* OnboardingViewModel.swift */,
				3E0DCD732BAB2A5800DB969A /* ReviewManager.swift */,
				3E8144652BAFC8F300F3E90F /* PreferencesViewModel.swift */,
				3E8144672BAFD77C00F3E90F /* Localizable.xcstrings */,
			);
			path = TimeLapze;
			sourceTree = "<group>";
		};
		3EE5FE12296232C800768BF7 /* Preview Content */ = {
			isa = PBXGroup;
			children = (
				3EE5FE13296232C800768BF7 /* Preview Assets.xcassets */,
			);
			path = "Preview Content";
			sourceTree = "<group>";
		};
/* End PBXGroup section */

/* Begin PBXNativeTarget section */
		3E23A01A2B2FC65A0016DE8C /* TimeLapzeTests */ = {
			isa = PBXNativeTarget;
			buildConfigurationList = 3E23A0212B2FC65A0016DE8C /* Build configuration list for PBXNativeTarget "TimeLapzeTests" */;
			buildPhases = (
				3E23A0172B2FC65A0016DE8C /* Sources */,
				3E23A0182B2FC65A0016DE8C /* Frameworks */,
				3E23A0192B2FC65A0016DE8C /* Resources */,
			);
			buildRules = (
			);
			dependencies = (
				3E23A0202B2FC65A0016DE8C /* PBXTargetDependency */,
			);
			name = TimeLapzeTests;
			packageProductDependencies = (
			);
			productName = TimeLapzeTests;
			productReference = 3E23A01B2B2FC65A0016DE8C /* TimeLapzeTests.xctest */;
			productType = "com.apple.product-type.bundle.unit-test";
		};
		3EE5FE08296232C700768BF7 /* TimeLapze */ = {
			isa = PBXNativeTarget;
			buildConfigurationList = 3EE5FE33296232C800768BF7 /* Build configuration list for PBXNativeTarget "TimeLapze" */;
			buildPhases = (
				3EE5FE05296232C700768BF7 /* Sources */,
				3EE5FE06296232C700768BF7 /* Frameworks */,
				3EE5FE07296232C700768BF7 /* Resources */,
			);
			buildRules = (
			);
			dependencies = (
			);
			name = TimeLapze;
			packageProductDependencies = (
				3EA255A52BADF2B70018FF63 /* SettingsAccess */,
			);
			productName = ScreenTimeLapse;
			productReference = 3EE5FE09296232C700768BF7 /* TimeLapze.app */;
			productType = "com.apple.product-type.application";
		};
/* End PBXNativeTarget section */

/* Begin PBXProject section */
		3EE5FE01296232C700768BF7 /* Project object */ = {
			isa = PBXProject;
			attributes = {
				BuildIndependentTargetsInParallel = 1;
				LastSwiftUpdateCheck = 1510;
				LastUpgradeCheck = 1500;
				TargetAttributes = {
					3E23A01A2B2FC65A0016DE8C = {
						CreatedOnToolsVersion = 15.1;
						TestTargetID = 3EE5FE08296232C700768BF7;
					};
					3EE5FE08296232C700768BF7 = {
						CreatedOnToolsVersion = 14.2;
					};
				};
			};
			buildConfigurationList = 3EE5FE04296232C700768BF7 /* Build configuration list for PBXProject "TimeLapze" */;
			compatibilityVersion = "Xcode 14.0";
			developmentRegion = en;
			hasScannedForEncodings = 0;
			knownRegions = (
				en,
				Base,
				ar,
			);
			mainGroup = 3EE5FE00296232C700768BF7;
			packageReferences = (
				3EAB1AF92BA89E6800BEC597 /* XCRemoteSwiftPackageReference "SettingsAccess" */,
			);
			productRefGroup = 3EE5FE0A296232C700768BF7 /* Products */;
			projectDirPath = "";
			projectRoot = "";
			targets = (
				3EE5FE08296232C700768BF7 /* TimeLapze */,
				3E23A01A2B2FC65A0016DE8C /* TimeLapzeTests */,
			);
		};
/* End PBXProject section */

/* Begin PBXResourcesBuildPhase section */
		3E23A0192B2FC65A0016DE8C /* Resources */ = {
			isa = PBXResourcesBuildPhase;
			buildActionMask = 2147483647;
			files = (
			);
			runOnlyForDeploymentPostprocessing = 0;
		};
		3EE5FE07296232C700768BF7 /* Resources */ = {
			isa = PBXResourcesBuildPhase;
			buildActionMask = 2147483647;
			files = (
				3EE5FE14296232C800768BF7 /* Preview Assets.xcassets in Resources */,
				3E75E34E2AF17A870016EB52 /* LICENSE in Resources */,
				3E8144682BAFD77C00F3E90F /* Localizable.xcstrings in Resources */,
				3EE5FE11296232C800768BF7 /* Assets.xcassets in Resources */,
			);
			runOnlyForDeploymentPostprocessing = 0;
		};
/* End PBXResourcesBuildPhase section */

/* Begin PBXSourcesBuildPhase section */
		3E23A0172B2FC65A0016DE8C /* Sources */ = {
			isa = PBXSourcesBuildPhase;
			buildActionMask = 2147483647;
			files = (
				3E23A01E2B2FC65A0016DE8C /* TimeLapzeTests.swift in Sources */,
			);
			runOnlyForDeploymentPostprocessing = 0;
		};
		3EE5FE05296232C700768BF7 /* Sources */ = {
			isa = PBXSourcesBuildPhase;
			buildActionMask = 2147483647;
			files = (
				3E61935B2A2EC12200333918 /* VideoConfiguration.swift in Sources */,
				3E8144662BAFC8F300F3E90F /* PreferencesViewModel.swift in Sources */,
				3E75E3502AF2005A0016EB52 /* PreferencesView.swift in Sources */,
				3E87A932299EBDFF00714AFC /* RecorderViewModel.swift in Sources */,
				3E0DCD742BAB2A5800DB969A /* ReviewManager.swift in Sources */,
				3E75E34C2AED6EC90016EB52 /* CameraRecorder.swift in Sources */,
				3EEFFBB929A9B662002D0040 /* Utils.swift in Sources */,
				3E87A934299EBE0D00714AFC /* Recordable.swift in Sources */,
				3EAB1AFD2BA8A33300BEC597 /* OnboardingViewModel.swift in Sources */,
				3E9894D12A2ED44600C25059 /* Logger.swift in Sources */,
				3EE5FE0F296232C700768BF7 /* ContentView.swift in Sources */,
				3EE5FE0D296232C700768BF7 /* TimeLapzeApp.swift in Sources */,
				3E5130E02BA34FE500A628EB /* OnboardingView.swift in Sources */,
				3E4D87C729AD741800D3EC7B /* Screen.swift in Sources */,
				3E4D87C929AD744C00D3EC7B /* Camera.swift in Sources */,
			);
			runOnlyForDeploymentPostprocessing = 0;
		};
/* End PBXSourcesBuildPhase section */

/* Begin PBXTargetDependency section */
		3E23A0202B2FC65A0016DE8C /* PBXTargetDependency */ = {
			isa = PBXTargetDependency;
			target = 3EE5FE08296232C700768BF7 /* TimeLapze */;
			targetProxy = 3E23A01F2B2FC65A0016DE8C /* PBXContainerItemProxy */;
		};
/* End PBXTargetDependency section */

/* Begin XCBuildConfiguration section */
		3E23A0222B2FC65A0016DE8C /* Debug */ = {
			isa = XCBuildConfiguration;
			buildSettings = {
				ASSETCATALOG_COMPILER_GENERATE_SWIFT_ASSET_SYMBOL_EXTENSIONS = YES;
				BUNDLE_LOADER = "$(TEST_HOST)";
				CODE_SIGN_STYLE = Automatic;
				CURRENT_PROJECT_VERSION = 1;
				DEVELOPMENT_TEAM = PPA4LZZXUN;
				GCC_C_LANGUAGE_STANDARD = gnu17;
				GENERATE_INFOPLIST_FILE = YES;
				LOCALIZATION_PREFERS_STRING_CATALOGS = YES;
				MACOSX_DEPLOYMENT_TARGET = 14.2;
				MARKETING_VERSION = 1.0;
				PRODUCT_BUNDLE_IDENTIFIER = com.smartservices.TimeLapzeTests;
				PRODUCT_NAME = "$(TARGET_NAME)";
				SWIFT_ACTIVE_COMPILATION_CONDITIONS = "DEBUG $(inherited)";
				SWIFT_EMIT_LOC_STRINGS = NO;
				SWIFT_VERSION = 5.0;
				TEST_HOST = "$(BUILT_PRODUCTS_DIR)/TimeLapze.app/$(BUNDLE_EXECUTABLE_FOLDER_PATH)/TimeLapze";
			};
			name = Debug;
		};
		3E23A0232B2FC65A0016DE8C /* Release */ = {
			isa = XCBuildConfiguration;
			buildSettings = {
				ASSETCATALOG_COMPILER_GENERATE_SWIFT_ASSET_SYMBOL_EXTENSIONS = YES;
				BUNDLE_LOADER = "$(TEST_HOST)";
				CODE_SIGN_STYLE = Automatic;
				CURRENT_PROJECT_VERSION = 1;
				DEVELOPMENT_TEAM = PPA4LZZXUN;
				GCC_C_LANGUAGE_STANDARD = gnu17;
				GENERATE_INFOPLIST_FILE = YES;
				LOCALIZATION_PREFERS_STRING_CATALOGS = YES;
				MACOSX_DEPLOYMENT_TARGET = 14.2;
				MARKETING_VERSION = 1.0;
				PRODUCT_BUNDLE_IDENTIFIER = com.smartservices.TimeLapzeTests;
				PRODUCT_NAME = "$(TARGET_NAME)";
				SWIFT_EMIT_LOC_STRINGS = NO;
				SWIFT_VERSION = 5.0;
				TEST_HOST = "$(BUILT_PRODUCTS_DIR)/TimeLapze.app/$(BUNDLE_EXECUTABLE_FOLDER_PATH)/TimeLapze";
			};
			name = Release;
		};
		3EE5FE31296232C800768BF7 /* Debug */ = {
			isa = XCBuildConfiguration;
			buildSettings = {
				ABOUT = "https://apple.com";
				ALWAYS_SEARCH_USER_PATHS = NO;
				CLANG_ANALYZER_NONNULL = YES;
				CLANG_ANALYZER_NUMBER_OBJECT_CONVERSION = YES_AGGRESSIVE;
				CLANG_CXX_LANGUAGE_STANDARD = "gnu++20";
				CLANG_ENABLE_MODULES = YES;
				CLANG_ENABLE_OBJC_ARC = YES;
				CLANG_ENABLE_OBJC_WEAK = YES;
				CLANG_WARN_BLOCK_CAPTURE_AUTORELEASING = YES;
				CLANG_WARN_BOOL_CONVERSION = YES;
				CLANG_WARN_COMMA = YES;
				CLANG_WARN_CONSTANT_CONVERSION = YES;
				CLANG_WARN_DEPRECATED_OBJC_IMPLEMENTATIONS = YES;
				CLANG_WARN_DIRECT_OBJC_ISA_USAGE = YES_ERROR;
				CLANG_WARN_DOCUMENTATION_COMMENTS = YES;
				CLANG_WARN_EMPTY_BODY = YES;
				CLANG_WARN_ENUM_CONVERSION = YES;
				CLANG_WARN_INFINITE_RECURSION = YES;
				CLANG_WARN_INT_CONVERSION = YES;
				CLANG_WARN_NON_LITERAL_NULL_CONVERSION = YES;
				CLANG_WARN_OBJC_IMPLICIT_RETAIN_SELF = YES;
				CLANG_WARN_OBJC_LITERAL_CONVERSION = YES;
				CLANG_WARN_OBJC_ROOT_CLASS = YES_ERROR;
				CLANG_WARN_QUOTED_INCLUDE_IN_FRAMEWORK_HEADER = YES;
				CLANG_WARN_RANGE_LOOP_ANALYSIS = YES;
				CLANG_WARN_STRICT_PROTOTYPES = YES;
				CLANG_WARN_SUSPICIOUS_MOVE = YES;
				CLANG_WARN_UNGUARDED_AVAILABILITY = YES_AGGRESSIVE;
				CLANG_WARN_UNREACHABLE_CODE = YES;
				CLANG_WARN__DUPLICATE_METHOD_MATCH = YES;
				COPY_PHASE_STRIP = NO;
				DEAD_CODE_STRIPPING = YES;
				DEBUG_INFORMATION_FORMAT = dwarf;
				ENABLE_STRICT_OBJC_MSGSEND = YES;
				ENABLE_TESTABILITY = YES;
				ENABLE_USER_SCRIPT_SANDBOXING = YES;
				GCC_C_LANGUAGE_STANDARD = gnu11;
				GCC_DYNAMIC_NO_PIC = NO;
				GCC_NO_COMMON_BLOCKS = YES;
				GCC_OPTIMIZATION_LEVEL = 0;
				GCC_PREPROCESSOR_DEFINITIONS = (
					"DEBUG=1",
					"$(inherited)",
				);
				GCC_WARN_64_TO_32_BIT_CONVERSION = YES;
				GCC_WARN_ABOUT_RETURN_TYPE = YES_ERROR;
				GCC_WARN_UNDECLARED_SELECTOR = YES;
				GCC_WARN_UNINITIALIZED_AUTOS = YES_AGGRESSIVE;
				GCC_WARN_UNUSED_FUNCTION = YES;
				GCC_WARN_UNUSED_VARIABLE = YES;
				HELP = "https://apple.com";
				MACOSX_DEPLOYMENT_TARGET = 14.0;
				MTL_ENABLE_DEBUG_INFO = INCLUDE_SOURCE;
				MTL_FAST_MATH = YES;
				ONLY_ACTIVE_ARCH = YES;
				SDKROOT = macosx;
				SWIFT_ACTIVE_COMPILATION_CONDITIONS = DEBUG;
				SWIFT_OPTIMIZATION_LEVEL = "-Onone";
				TESTING = "";
			};
			name = Debug;
		};
		3EE5FE32296232C800768BF7 /* Release */ = {
			isa = XCBuildConfiguration;
			buildSettings = {
				ALWAYS_SEARCH_USER_PATHS = NO;
				CLANG_ANALYZER_NONNULL = YES;
				CLANG_ANALYZER_NUMBER_OBJECT_CONVERSION = YES_AGGRESSIVE;
				CLANG_CXX_LANGUAGE_STANDARD = "gnu++20";
				CLANG_ENABLE_MODULES = YES;
				CLANG_ENABLE_OBJC_ARC = YES;
				CLANG_ENABLE_OBJC_WEAK = YES;
				CLANG_WARN_BLOCK_CAPTURE_AUTORELEASING = YES;
				CLANG_WARN_BOOL_CONVERSION = YES;
				CLANG_WARN_COMMA = YES;
				CLANG_WARN_CONSTANT_CONVERSION = YES;
				CLANG_WARN_DEPRECATED_OBJC_IMPLEMENTATIONS = YES;
				CLANG_WARN_DIRECT_OBJC_ISA_USAGE = YES_ERROR;
				CLANG_WARN_DOCUMENTATION_COMMENTS = YES;
				CLANG_WARN_EMPTY_BODY = YES;
				CLANG_WARN_ENUM_CONVERSION = YES;
				CLANG_WARN_INFINITE_RECURSION = YES;
				CLANG_WARN_INT_CONVERSION = YES;
				CLANG_WARN_NON_LITERAL_NULL_CONVERSION = YES;
				CLANG_WARN_OBJC_IMPLICIT_RETAIN_SELF = YES;
				CLANG_WARN_OBJC_LITERAL_CONVERSION = YES;
				CLANG_WARN_OBJC_ROOT_CLASS = YES_ERROR;
				CLANG_WARN_QUOTED_INCLUDE_IN_FRAMEWORK_HEADER = YES;
				CLANG_WARN_RANGE_LOOP_ANALYSIS = YES;
				CLANG_WARN_STRICT_PROTOTYPES = YES;
				CLANG_WARN_SUSPICIOUS_MOVE = YES;
				CLANG_WARN_UNGUARDED_AVAILABILITY = YES_AGGRESSIVE;
				CLANG_WARN_UNREACHABLE_CODE = YES;
				CLANG_WARN__DUPLICATE_METHOD_MATCH = YES;
				COPY_PHASE_STRIP = NO;
				DEAD_CODE_STRIPPING = YES;
				DEBUG_INFORMATION_FORMAT = "dwarf-with-dsym";
				ENABLE_NS_ASSERTIONS = NO;
				ENABLE_STRICT_OBJC_MSGSEND = YES;
				ENABLE_USER_SCRIPT_SANDBOXING = YES;
				GCC_C_LANGUAGE_STANDARD = gnu11;
				GCC_NO_COMMON_BLOCKS = YES;
				GCC_OPTIMIZATION_LEVEL = 3;
				GCC_WARN_64_TO_32_BIT_CONVERSION = YES;
				GCC_WARN_ABOUT_RETURN_TYPE = YES_ERROR;
				GCC_WARN_UNDECLARED_SELECTOR = YES;
				GCC_WARN_UNINITIALIZED_AUTOS = YES_AGGRESSIVE;
				GCC_WARN_UNUSED_FUNCTION = YES;
				GCC_WARN_UNUSED_VARIABLE = YES;
				MACOSX_DEPLOYMENT_TARGET = 14.0;
				MTL_ENABLE_DEBUG_INFO = NO;
				MTL_FAST_MATH = YES;
				SDKROOT = macosx;
				SWIFT_COMPILATION_MODE = wholemodule;
				SWIFT_OPTIMIZATION_LEVEL = "-O";
				TESTING = "";
			};
			name = Release;
		};
		3EE5FE34296232C800768BF7 /* Debug */ = {
			isa = XCBuildConfiguration;
			buildSettings = {
				ASSETCATALOG_COMPILER_APPICON_NAME = AppIcon;
				ASSETCATALOG_COMPILER_GLOBAL_ACCENT_COLOR_NAME = AccentColor;
				ASSETCATALOG_COMPILER_INCLUDE_ALL_APPICON_ASSETS = YES;
				CODE_SIGN_ENTITLEMENTS = TimeLapze/TimeLapze.entitlements;
				CODE_SIGN_IDENTITY = "Apple Development";
				"CODE_SIGN_IDENTITY[sdk=macosx*]" = "Apple Development";
				CODE_SIGN_STYLE = Automatic;
				COMBINE_HIDPI_IMAGES = YES;
				CURRENT_PROJECT_VERSION = 1;
				DEAD_CODE_STRIPPING = YES;
				DEVELOPMENT_ASSET_PATHS = "\"TimeLapze/Preview Content\"";
				DEVELOPMENT_TEAM = PPA4LZZXUN;
				ENABLE_HARDENED_RUNTIME = YES;
				ENABLE_PREVIEWS = YES;
				GENERATE_INFOPLIST_FILE = YES;
				INFOPLIST_FILE = TimeLapze/Info.plist;
				INFOPLIST_KEY_CFBundleDisplayName = TimeLapze;
				INFOPLIST_KEY_LSApplicationCategoryType = "public.app-category.developer-tools";
				INFOPLIST_KEY_LSUIElement = NO;
				INFOPLIST_KEY_NSHumanReadableCopyright = "";
				LD_RUNPATH_SEARCH_PATHS = (
					"$(inherited)",
					"@executable_path/../Frameworks",
				);
				MACOSX_DEPLOYMENT_TARGET = 13.0;
				MARKETING_VERSION = 1.0;
				PRODUCT_BUNDLE_IDENTIFIER = com.smartservices.TimeLapze;
				PRODUCT_NAME = "$(TARGET_NAME)";
				PROVISIONING_PROFILE_SPECIFIER = "";
				SWIFT_EMIT_LOC_STRINGS = YES;
				SWIFT_VERSION = 5.0;
			};
			name = Debug;
		};
		3EE5FE35296232C800768BF7 /* Release */ = {
			isa = XCBuildConfiguration;
			buildSettings = {
				ASSETCATALOG_COMPILER_APPICON_NAME = AppIcon;
				ASSETCATALOG_COMPILER_GLOBAL_ACCENT_COLOR_NAME = AccentColor;
				ASSETCATALOG_COMPILER_INCLUDE_ALL_APPICON_ASSETS = YES;
				CODE_SIGN_ENTITLEMENTS = TimeLapze/TimeLapze.entitlements;
				CODE_SIGN_IDENTITY = "Apple Development";
				"CODE_SIGN_IDENTITY[sdk=macosx*]" = "Apple Development";
				CODE_SIGN_STYLE = Automatic;
				COMBINE_HIDPI_IMAGES = YES;
				CURRENT_PROJECT_VERSION = 1;
				DEAD_CODE_STRIPPING = YES;
				DEVELOPMENT_ASSET_PATHS = "\"TimeLapze/Preview Content\"";
				DEVELOPMENT_TEAM = PPA4LZZXUN;
				ENABLE_HARDENED_RUNTIME = YES;
				ENABLE_PREVIEWS = YES;
				GCC_OPTIMIZATION_LEVEL = 3;
				GENERATE_INFOPLIST_FILE = YES;
				INFOPLIST_FILE = TimeLapze/Info.plist;
				INFOPLIST_KEY_CFBundleDisplayName = TimeLapze;
				INFOPLIST_KEY_LSApplicationCategoryType = "public.app-category.developer-tools";
				INFOPLIST_KEY_LSUIElement = NO;
				INFOPLIST_KEY_NSHumanReadableCopyright = "";
				LD_RUNPATH_SEARCH_PATHS = (
					"$(inherited)",
					"@executable_path/../Frameworks",
				);
				MACOSX_DEPLOYMENT_TARGET = 13.0;
				MARKETING_VERSION = 1.0;
				PRODUCT_BUNDLE_IDENTIFIER = com.smartservices.TimeLapze;
				PRODUCT_NAME = "$(TARGET_NAME)";
				PROVISIONING_PROFILE_SPECIFIER = "";
				SWIFT_EMIT_LOC_STRINGS = YES;
				SWIFT_VERSION = 5.0;
			};
			name = Release;
		};
/* End XCBuildConfiguration section */

/* Begin XCConfigurationList section */
		3E23A0212B2FC65A0016DE8C /* Build configuration list for PBXNativeTarget "TimeLapzeTests" */ = {
			isa = XCConfigurationList;
			buildConfigurations = (
				3E23A0222B2FC65A0016DE8C /* Debug */,
				3E23A0232B2FC65A0016DE8C /* Release */,
			);
			defaultConfigurationIsVisible = 0;
			defaultConfigurationName = Release;
		};
		3EE5FE04296232C700768BF7 /* Build configuration list for PBXProject "TimeLapze" */ = {
			isa = XCConfigurationList;
			buildConfigurations = (
				3EE5FE31296232C800768BF7 /* Debug */,
				3EE5FE32296232C800768BF7 /* Release */,
			);
			defaultConfigurationIsVisible = 0;
			defaultConfigurationName = Release;
		};
		3EE5FE33296232C800768BF7 /* Build configuration list for PBXNativeTarget "TimeLapze" */ = {
			isa = XCConfigurationList;
			buildConfigurations = (
				3EE5FE34296232C800768BF7 /* Debug */,
				3EE5FE35296232C800768BF7 /* Release */,
			);
			defaultConfigurationIsVisible = 0;
			defaultConfigurationName = Release;
		};
/* End XCConfigurationList section */

/* Begin XCRemoteSwiftPackageReference section */
		3EAB1AF92BA89E6800BEC597 /* XCRemoteSwiftPackageReference "SettingsAccess" */ = {
			isa = XCRemoteSwiftPackageReference;
			repositoryURL = "https://github.com/orchetect/SettingsAccess";
			requirement = {
				kind = upToNextMajorVersion;
				minimumVersion = 1.4.0;
			};
		};
/* End XCRemoteSwiftPackageReference section */

/* Begin XCSwiftPackageProductDependency section */
		3EA255A52BADF2B70018FF63 /* SettingsAccess */ = {
			isa = XCSwiftPackageProductDependency;
			package = 3EAB1AF92BA89E6800BEC597 /* XCRemoteSwiftPackageReference "SettingsAccess" */;
			productName = SettingsAccess;
		};
/* End XCSwiftPackageProductDependency section */
	};
	rootObject = 3EE5FE01296232C700768BF7 /* Project object */;
}
